{
  "nodes": {
    "nixpkgs": {
      "locked": {
        "lastModified": 1709763014,
        "narHash": "sha256-CopSGZnFg+7n7WwBZ/iqIQhLJo0Xc59OWQo9zN9gmwo=",
        "owner": "nixos",
        "repo": "nixpkgs",
        "rev": "03e303468a0b89792bc40c2f3a7cd8a322b66fad",
        "type": "github"
      },
      "original": {
        "owner": "nixos",
        "ref": "nixos-23.11-small",
        "repo": "nixpkgs",
        "type": "github"
      }
    },
    "root": {
      "inputs": {
        "nixpkgs": "nixpkgs"
      }
    }
  },
  "root": "root",
  "version": 7
}
